
Microsoft Visual Studio Solution File, Format Version 12.00
# Visual Studio Version 16
VisualStudioVersion = 16.0.31205.134
MinimumVisualStudioVersion = 10.0.40219.1
Project("{FAE04EC0-301F-11D3-BF4B-00C04F79EFBC}") = "ConsoleTaskManager", "ConsoleTaskManager.csproj", "{31032E9B-18F7-42B8-8EB9-4AD0E7B8EE5C}"
EndProject
Global
	GlobalSection(SolutionConfigurationPlatforms) = preSolution
		Debug|Any CPU = Debug|Any CPU
		Release|Any CPU = Release|Any CPU
	EndGlobalSection
	GlobalSection(ProjectConfigurationPlatforms) = postSolution
		{31032E9B-18F7-42B8-8EB9-4AD0E7B8EE5C}.Debug|Any CPU.ActiveCfg = Debug|Any CPU
		{31032E9B-18F7-42B8-8EB9-4AD0E7B8EE5C}.Debug|Any CPU.Build.0 = Debug|Any CPU
		{31032E9B-18F7-42B8-8EB9-4AD0E7B8EE5C}.Release|Any CPU.ActiveCfg = Release|Any CPU
		{31032E9B-18F7-42B8-8EB9-4AD0E7B8EE5C}.Release|Any CPU.Build.0 = Release|Any CPU
	EndGlobalSection
	GlobalSection(SolutionProperties) = preSolution
		HideSolutionNode = FALSE
	EndGlobalSection
	GlobalSection(ExtensibilityGlobals) = postSolution
		SolutionGuid = {7E0A7E83-5702-4BBA-90E7-8C426558E3F0}
	EndGlobalSection
EndGlobal
